// !$*UTF8*$!
{
	archiveVersion = 1;
	classes = {
	};
	objectVersion = 50;
	objects = {

/* Begin PBXBuildFile section */
		AC7F0BF028673C3E0080A755 /* AppDelegate.swift in Sources */ = {isa = PBXBuildFile; fileRef = AC7F0BEF28673C3E0080A755 /* AppDelegate.swift */; };
		AC7F0BF228673C3E0080A755 /* SceneDelegate.swift in Sources */ = {isa = PBXBuildFile; fileRef = AC7F0BF128673C3E0080A755 /* SceneDelegate.swift */; };
		AC7F0BF428673C3E0080A755 /* LoginViewController.swift in Sources */ = {isa = PBXBuildFile; fileRef = AC7F0BF328673C3E0080A755 /* LoginViewController.swift */; };
		AC7F0BF728673C3E0080A755 /* Main.storyboard in Resources */ = {isa = PBXBuildFile; fileRef = AC7F0BF528673C3E0080A755 /* Main.storyboard */; };
		AC7F0BF928673C400080A755 /* Assets.xcassets in Resources */ = {isa = PBXBuildFile; fileRef = AC7F0BF828673C400080A755 /* Assets.xcassets */; };
		AC7F0BFC28673C400080A755 /* LaunchScreen.storyboard in Resources */ = {isa = PBXBuildFile; fileRef = AC7F0BFA28673C400080A755 /* LaunchScreen.storyboard */; };
		AC7F0C0428673D930080A755 /* WelcomeViewController.swift in Sources */ = {isa = PBXBuildFile; fileRef = AC7F0C0328673D930080A755 /* WelcomeViewController.swift */; };
		AC7F0C102867422E0080A755 /* User.swift in Sources */ = {isa = PBXBuildFile; fileRef = AC7F0C0F2867422E0080A755 /* User.swift */; };
		AC7F0C16286759560080A755 /* InformationViewController.swift in Sources */ = {isa = PBXBuildFile; fileRef = AC7F0C15286759560080A755 /* InformationViewController.swift */; };
		AC7F0C18286759670080A755 /* MoreInformationViewController.swift in Sources */ = {isa = PBXBuildFile; fileRef = AC7F0C17286759670080A755 /* MoreInformationViewController.swift */; };
/* End PBXBuildFile section */

/* Begin PBXFileReference section */
		AC7F0BEC28673C3E0080A755 /* AboutMe.app */ = {isa = PBXFileReference; explicitFileType = wrapper.application; includeInIndex = 0; path = AboutMe.app; sourceTree = BUILT_PRODUCTS_DIR; };
		AC7F0BEF28673C3E0080A755 /* AppDelegate.swift */ = {isa = PBXFileReference; lastKnownFileType = sourcecode.swift; path = AppDelegate.swift; sourceTree = "<group>"; };
		AC7F0BF128673C3E0080A755 /* SceneDelegate.swift */ = {isa = PBXFileReference; lastKnownFileType = sourcecode.swift; path = SceneDelegate.swift; sourceTree = "<group>"; };
		AC7F0BF328673C3E0080A755 /* LoginViewController.swift */ = {isa = PBXFileReference; lastKnownFileType = sourcecode.swift; path = LoginViewController.swift; sourceTree = "<group>"; };
		AC7F0BF628673C3E0080A755 /* Base */ = {isa = PBXFileReference; lastKnownFileType = file.storyboard; name = Base; path = Base.lproj/Main.storyboard; sourceTree = "<group>"; };
		AC7F0BF828673C400080A755 /* Assets.xcassets */ = {isa = PBXFileReference; lastKnownFileType = folder.assetcatalog; path = Assets.xcassets; sourceTree = "<group>"; };
		AC7F0BFB28673C400080A755 /* Base */ = {isa = PBXFileReference; lastKnownFileType = file.storyboard; name = Base; path = Base.lproj/LaunchScreen.storyboard; sourceTree = "<group>"; };
		AC7F0BFD28673C400080A755 /* Info.plist */ = {isa = PBXFileReference; lastKnownFileType = text.plist.xml; path = Info.plist; sourceTree = "<group>"; };
		AC7F0C0328673D930080A755 /* WelcomeViewController.swift */ = {isa = PBXFileReference; lastKnownFileType = sourcecode.swift; path = WelcomeViewController.swift; sourceTree = "<group>"; };
		AC7F0C0F2867422E0080A755 /* User.swift */ = {isa = PBXFileReference; lastKnownFileType = sourcecode.swift; path = User.swift; sourceTree = "<group>"; };
		AC7F0C15286759560080A755 /* InformationViewController.swift */ = {isa = PBXFileReference; lastKnownFileType = sourcecode.swift; path = InformationViewController.swift; sourceTree = "<group>"; };
		AC7F0C17286759670080A755 /* MoreInformationViewController.swift */ = {isa = PBXFileReference; lastKnownFileType = sourcecode.swift; path = MoreInformationViewController.swift; sourceTree = "<group>"; };
/* End PBXFileReference section */

/* Begin PBXFrameworksBuildPhase section */
		AC7F0BE928673C3E0080A755 /* Frameworks */ = {
			isa = PBXFrameworksBuildPhase;
			buildActionMask = 2147483647;
			files = (
			);
			runOnlyForDeploymentPostprocessing = 0;
		};
/* End PBXFrameworksBuildPhase section */

/* Begin PBXGroup section */
		AC7F0BE328673C3E0080A755 = {
			isa = PBXGroup;
			children = (
				AC7F0BEE28673C3E0080A755 /* AboutMe */,
				AC7F0BED28673C3E0080A755 /* Products */,
			);
			sourceTree = "<group>";
		};
		AC7F0BED28673C3E0080A755 /* Products */ = {
			isa = PBXGroup;
			children = (
				AC7F0BEC28673C3E0080A755 /* AboutMe.app */,
			);
			name = Products;
			sourceTree = "<group>";
		};
		AC7F0BEE28673C3E0080A755 /* AboutMe */ = {
			isa = PBXGroup;
			children = (
				AC7F0C122867423D0080A755 /* Models */,
				AC7F0C0C2867410A0080A755 /* ViewControllers */,
				AC7F0C0B286740FE0080A755 /* StoryBoards */,
				AC7F0C0D2867411C0080A755 /* Resources */,
				AC7F0C0E2867412C0080A755 /* App */,
			);
			path = AboutMe;
			sourceTree = "<group>";
		};
		AC7F0C0B286740FE0080A755 /* StoryBoards */ = {
			isa = PBXGroup;
			children = (
				AC7F0BF528673C3E0080A755 /* Main.storyboard */,
				AC7F0BFA28673C400080A755 /* LaunchScreen.storyboard */,
			);
			path = StoryBoards;
			sourceTree = "<group>";
		};
		AC7F0C0C2867410A0080A755 /* ViewControllers */ = {
			isa = PBXGroup;
			children = (
				AC7F0BF328673C3E0080A755 /* LoginViewController.swift */,
				AC7F0C0328673D930080A755 /* WelcomeViewController.swift */,
				AC7F0C15286759560080A755 /* InformationViewController.swift */,
				AC7F0C17286759670080A755 /* MoreInformationViewController.swift */,
			);
			path = ViewControllers;
			sourceTree = "<group>";
		};
		AC7F0C0D2867411C0080A755 /* Resources */ = {
			isa = PBXGroup;
			children = (
				AC7F0BF828673C400080A755 /* Assets.xcassets */,
			);
			path = Resources;
			sourceTree = "<group>";
		};
		AC7F0C0E2867412C0080A755 /* App */ = {
			isa = PBXGroup;
			children = (
				AC7F0BEF28673C3E0080A755 /* AppDelegate.swift */,
				AC7F0BF128673C3E0080A755 /* SceneDelegate.swift */,
				AC7F0BFD28673C400080A755 /* Info.plist */,
			);
			path = App;
			sourceTree = "<group>";
		};
		AC7F0C122867423D0080A755 /* Models */ = {
			isa = PBXGroup;
			children = (
				AC7F0C0F2867422E0080A755 /* User.swift */,
			);
			path = Models;
			sourceTree = "<group>";
		};
/* End PBXGroup section */

/* Begin PBXNativeTarget section */
		AC7F0BEB28673C3E0080A755 /* AboutMe */ = {
			isa = PBXNativeTarget;
			buildConfigurationList = AC7F0C0028673C400080A755 /* Build configuration list for PBXNativeTarget "AboutMe" */;
			buildPhases = (
				AC7F0BE828673C3E0080A755 /* Sources */,
				AC7F0BE928673C3E0080A755 /* Frameworks */,
				AC7F0BEA28673C3E0080A755 /* Resources */,
			);
			buildRules = (
			);
			dependencies = (
			);
			name = AboutMe;
			productName = AboutMe;
			productReference = AC7F0BEC28673C3E0080A755 /* AboutMe.app */;
			productType = "com.apple.product-type.application";
		};
/* End PBXNativeTarget section */

/* Begin PBXProject section */
		AC7F0BE428673C3E0080A755 /* Project object */ = {
			isa = PBXProject;
			attributes = {
				LastSwiftUpdateCheck = 1250;
				LastUpgradeCheck = 1250;
				TargetAttributes = {
					AC7F0BEB28673C3E0080A755 = {
						CreatedOnToolsVersion = 12.5.1;
					};
				};
			};
			buildConfigurationList = AC7F0BE728673C3E0080A755 /* Build configuration list for PBXProject "AboutMe" */;
			compatibilityVersion = "Xcode 9.3";
			developmentRegion = en;
			hasScannedForEncodings = 0;
			knownRegions = (
				en,
				Base,
			);
			mainGroup = AC7F0BE328673C3E0080A755;
			productRefGroup = AC7F0BED28673C3E0080A755 /* Products */;
			projectDirPath = "";
			projectRoot = "";
			targets = (
				AC7F0BEB28673C3E0080A755 /* AboutMe */,
			);
		};
/* End PBXProject section */

/* Begin PBXResourcesBuildPhase section */
		AC7F0BEA28673C3E0080A755 /* Resources */ = {
			isa = PBXResourcesBuildPhase;
			buildActionMask = 2147483647;
			files = (
				AC7F0BFC28673C400080A755 /* LaunchScreen.storyboard in Resources */,
				AC7F0BF928673C400080A755 /* Assets.xcassets in Resources */,
				AC7F0BF728673C3E0080A755 /* Main.storyboard in Resources */,
			);
			runOnlyForDeploymentPostprocessing = 0;
		};
/* End PBXResourcesBuildPhase section */

/* Begin PBXSourcesBuildPhase section */
		AC7F0BE828673C3E0080A755 /* Sources */ = {
			isa = PBXSourcesBuildPhase;
			buildActionMask = 2147483647;
			files = (
				AC7F0C102867422E0080A755 /* User.swift in Sources */,
				AC7F0BF428673C3E0080A755 /* LoginViewController.swift in Sources */,
				AC7F0C16286759560080A755 /* InformationViewController.swift in Sources */,
				AC7F0C0428673D930080A755 /* WelcomeViewController.swift in Sources */,
				AC7F0BF028673C3E0080A755 /* AppDelegate.swift in Sources */,
				AC7F0C18286759670080A755 /* MoreInformationViewController.swift in Sources */,
				AC7F0BF228673C3E0080A755 /* SceneDelegate.swift in Sources */,
			);
			runOnlyForDeploymentPostprocessing = 0;
		};
/* End PBXSourcesBuildPhase section */

/* Begin PBXVariantGroup section */
		AC7F0BF528673C3E0080A755 /* Main.storyboard */ = {
			isa = PBXVariantGroup;
			children = (
				AC7F0BF628673C3E0080A755 /* Base */,
			);
			name = Main.storyboard;
			sourceTree = "<group>";
		};
		AC7F0BFA28673C400080A755 /* LaunchScreen.storyboard */ = {
			isa = PBXVariantGroup;
			children = (
				AC7F0BFB28673C400080A755 /* Base */,
			);
			name = LaunchScreen.storyboard;
			sourceTree = "<group>";
		};
/* End PBXVariantGroup section */

/* Begin XCBuildConfiguration section */
		AC7F0BFE28673C400080A755 /* Debug */ = {
			isa = XCBuildConfiguration;
			buildSettings = {
				ALWAYS_SEARCH_USER_PATHS = NO;
				CLANG_ANALYZER_NONNULL = YES;
				CLANG_ANALYZER_NUMBER_OBJECT_CONVERSION = YES_AGGRESSIVE;
				CLANG_CXX_LANGUAGE_STANDARD = "gnu++14";
				CLANG_CXX_LIBRARY = "libc++";
				CLANG_ENABLE_MODULES = YES;
				CLANG_ENABLE_OBJC_ARC = YES;
				CLANG_ENABLE_OBJC_WEAK = YES;
				CLANG_WARN_BLOCK_CAPTURE_AUTORELEASING = YES;
				CLANG_WARN_BOOL_CONVERSION = YES;
				CLANG_WARN_COMMA = YES;
				CLANG_WARN_CONSTANT_CONVERSION = YES;
				CLANG_WARN_DEPRECATED_OBJC_IMPLEMENTATIONS = YES;
				CLANG_WARN_DIRECT_OBJC_ISA_USAGE = YES_ERROR;
				CLANG_WARN_DOCUMENTATION_COMMENTS = YES;
				CLANG_WARN_EMPTY_BODY = YES;
				CLANG_WARN_ENUM_CONVERSION = YES;
				CLANG_WARN_INFINITE_RECURSION = YES;
				CLANG_WARN_INT_CONVERSION = YES;
				CLANG_WARN_NON_LITERAL_NULL_CONVERSION = YES;
				CLANG_WARN_OBJC_IMPLICIT_RETAIN_SELF = YES;
				CLANG_WARN_OBJC_LITERAL_CONVERSION = YES;
				CLANG_WARN_OBJC_ROOT_CLASS = YES_ERROR;
				CLANG_WARN_QUOTED_INCLUDE_IN_FRAMEWORK_HEADER = YES;
				CLANG_WARN_RANGE_LOOP_ANALYSIS = YES;
				CLANG_WARN_STRICT_PROTOTYPES = YES;
				CLANG_WARN_SUSPICIOUS_MOVE = YES;
				CLANG_WARN_UNGUARDED_AVAILABILITY = YES_AGGRESSIVE;
				CLANG_WARN_UNREACHABLE_CODE = YES;
				CLANG_WARN__DUPLICATE_METHOD_MATCH = YES;
				COPY_PHASE_STRIP = NO;
				DEBUG_INFORMATION_FORMAT = dwarf;
				ENABLE_STRICT_OBJC_MSGSEND = YES;
				ENABLE_TESTABILITY = YES;
				GCC_C_LANGUAGE_STANDARD = gnu11;
				GCC_DYNAMIC_NO_PIC = NO;
				GCC_NO_COMMON_BLOCKS = YES;
				GCC_OPTIMIZATION_LEVEL = 0;
				GCC_PREPROCESSOR_DEFINITIONS = (
					"DEBUG=1",
					"$(inherited)",
				);
				GCC_WARN_64_TO_32_BIT_CONVERSION = YES;
				GCC_WARN_ABOUT_RETURN_TYPE = YES_ERROR;
				GCC_WARN_UNDECLARED_SELECTOR = YES;
				GCC_WARN_UNINITIALIZED_AUTOS = YES_AGGRESSIVE;
				GCC_WARN_UNUSED_FUNCTION = YES;
				GCC_WARN_UNUSED_VARIABLE = YES;
				IPHONEOS_DEPLOYMENT_TARGET = 14.5;
				MTL_ENABLE_DEBUG_INFO = INCLUDE_SOURCE;
				MTL_FAST_MATH = YES;
				ONLY_ACTIVE_ARCH = YES;
				SDKROOT = iphoneos;
				SWIFT_ACTIVE_COMPILATION_CONDITIONS = DEBUG;
				SWIFT_OPTIMIZATION_LEVEL = "-Onone";
			};
			name = Debug;
		};
		AC7F0BFF28673C400080A755 /* Release */ = {
			isa = XCBuildConfiguration;
			buildSettings = {
				ALWAYS_SEARCH_USER_PATHS = NO;
				CLANG_ANALYZER_NONNULL = YES;
				CLANG_ANALYZER_NUMBER_OBJECT_CONVERSION = YES_AGGRESSIVE;
				CLANG_CXX_LANGUAGE_STANDARD = "gnu++14";
				CLANG_CXX_LIBRARY = "libc++";
				CLANG_ENABLE_MODULES = YES;
				CLANG_ENABLE_OBJC_ARC = YES;
				CLANG_ENABLE_OBJC_WEAK = YES;
				CLANG_WARN_BLOCK_CAPTURE_AUTORELEASING = YES;
				CLANG_WARN_BOOL_CONVERSION = YES;
				CLANG_WARN_COMMA = YES;
				CLANG_WARN_CONSTANT_CONVERSION = YES;
				CLANG_WARN_DEPRECATED_OBJC_IMPLEMENTATIONS = YES;
				CLANG_WARN_DIRECT_OBJC_ISA_USAGE = YES_ERROR;
				CLANG_WARN_DOCUMENTATION_COMMENTS = YES;
				CLANG_WARN_EMPTY_BODY = YES;
				CLANG_WARN_ENUM_CONVERSION = YES;
				CLANG_WARN_INFINITE_RECURSION = YES;
				CLANG_WARN_INT_CONVERSION = YES;
				CLANG_WARN_NON_LITERAL_NULL_CONVERSION = YES;
				CLANG_WARN_OBJC_IMPLICIT_RETAIN_SELF = YES;
				CLANG_WARN_OBJC_LITERAL_CONVERSION = YES;
				CLANG_WARN_OBJC_ROOT_CLASS = YES_ERROR;
				CLANG_WARN_QUOTED_INCLUDE_IN_FRAMEWORK_HEADER = YES;
				CLANG_WARN_RANGE_LOOP_ANALYSIS = YES;
				CLANG_WARN_STRICT_PROTOTYPES = YES;
				CLANG_WARN_SUSPICIOUS_MOVE = YES;
				CLANG_WARN_UNGUARDED_AVAILABILITY = YES_AGGRESSIVE;
				CLANG_WARN_UNREACHABLE_CODE = YES;
				CLANG_WARN__DUPLICATE_METHOD_MATCH = YES;
				COPY_PHASE_STRIP = NO;
				DEBUG_INFORMATION_FORMAT = "dwarf-with-dsym";
				ENABLE_NS_ASSERTIONS = NO;
				ENABLE_STRICT_OBJC_MSGSEND = YES;
				GCC_C_LANGUAGE_STANDARD = gnu11;
				GCC_NO_COMMON_BLOCKS = YES;
				GCC_WARN_64_TO_32_BIT_CONVERSION = YES;
				GCC_WARN_ABOUT_RETURN_TYPE = YES_ERROR;
				GCC_WARN_UNDECLARED_SELECTOR = YES;
				GCC_WARN_UNINITIALIZED_AUTOS = YES_AGGRESSIVE;
				GCC_WARN_UNUSED_FUNCTION = YES;
				GCC_WARN_UNUSED_VARIABLE = YES;
				IPHONEOS_DEPLOYMENT_TARGET = 14.5;
				MTL_ENABLE_DEBUG_INFO = NO;
				MTL_FAST_MATH = YES;
				SDKROOT = iphoneos;
				SWIFT_COMPILATION_MODE = wholemodule;
				SWIFT_OPTIMIZATION_LEVEL = "-O";
				VALIDATE_PRODUCT = YES;
			};
			name = Release;
		};
		AC7F0C0128673C400080A755 /* Debug */ = {
			isa = XCBuildConfiguration;
			buildSettings = {
				ASSETCATALOG_COMPILER_APPICON_NAME = AppIcon;
				ASSETCATALOG_COMPILER_GLOBAL_ACCENT_COLOR_NAME = AccentColor;
				CODE_SIGN_STYLE = Automatic;
				DEVELOPMENT_TEAM = 96Y74JRW93;
				INFOPLIST_FILE = AboutMe/App/Info.plist;
				LD_RUNPATH_SEARCH_PATHS = (
					"$(inherited)",
					"@executable_path/Frameworks",
				);
				PRODUCT_BUNDLE_IDENTIFIER = DenisKukushkin.AboutMe;
				PRODUCT_NAME = "$(TARGET_NAME)";
				SWIFT_VERSION = 5.0;
				TARGETED_DEVICE_FAMILY = "1,2";
			};
			name = Debug;
		};
		AC7F0C0228673C400080A755 /* Release */ = {
			isa = XCBuildConfiguration;
			buildSettings = {
				ASSETCATALOG_COMPILER_APPICON_NAME = AppIcon;
				ASSETCATALOG_COMPILER_GLOBAL_ACCENT_COLOR_NAME = AccentColor;
				CODE_SIGN_STYLE = Automatic;
				DEVELOPMENT_TEAM = 96Y74JRW93;
				INFOPLIST_FILE = AboutMe/App/Info.plist;
				LD_RUNPATH_SEARCH_PATHS = (
					"$(inherited)",
					"@executable_path/Frameworks",
				);
				PRODUCT_BUNDLE_IDENTIFIER = DenisKukushkin.AboutMe;
				PRODUCT_NAME = "$(TARGET_NAME)";
				SWIFT_VERSION = 5.0;
				TARGETED_DEVICE_FAMILY = "1,2";
			};
			name = Release;
		};
/* End XCBuildConfiguration section */

/* Begin XCConfigurationList section */
		AC7F0BE728673C3E0080A755 /* Build configuration list for PBXProject "AboutMe" */ = {
			isa = XCConfigurationList;
			buildConfigurations = (
				AC7F0BFE28673C400080A755 /* Debug */,
				AC7F0BFF28673C400080A755 /* Release */,
			);
			defaultConfigurationIsVisible = 0;
			defaultConfigurationName = Release;
		};
		AC7F0C0028673C400080A755 /* Build configuration list for PBXNativeTarget "AboutMe" */ = {
			isa = XCConfigurationList;
			buildConfigurations = (
				AC7F0C0128673C400080A755 /* Debug */,
				AC7F0C0228673C400080A755 /* Release */,
			);
			defaultConfigurationIsVisible = 0;
			defaultConfigurationName = Release;
		};
/* End XCConfigurationList section */
	};
	rootObject = AC7F0BE428673C3E0080A755 /* Project object */;
}
